
Microsoft Visual Studio Solution File, Format Version 12.00
# Visual Studio Version 16
VisualStudioVersion = 16.0.30104.148
MinimumVisualStudioVersion = 10.0.40219.1
Project("{FAE04EC0-301F-11D3-BF4B-00C04F79EFBC}") = "MvcMovie", "MvcMovie.csproj", "{91207D31-42DA-41CB-AB26-ED6F3C83D39F}"
EndProject
Global
	GlobalSection(SolutionConfigurationPlatforms) = preSolution
		Debug|Any CPU = Debug|Any CPU
		Release|Any CPU = Release|Any CPU
	EndGlobalSection
	GlobalSection(ProjectConfigurationPlatforms) = postSolution
		{91207D31-42DA-41CB-AB26-ED6F3C83D39F}.Debug|Any CPU.ActiveCfg = Debug|Any CPU
		{91207D31-42DA-41CB-AB26-ED6F3C83D39F}.Debug|Any CPU.Build.0 = Debug|Any CPU
		{91207D31-42DA-41CB-AB26-ED6F3C83D39F}.Release|Any CPU.ActiveCfg = Release|Any CPU
		{91207D31-42DA-41CB-AB26-ED6F3C83D39F}.Release|Any CPU.Build.0 = Release|Any CPU
	EndGlobalSection
	GlobalSection(SolutionProperties) = preSolution
		HideSolutionNode = FALSE
	EndGlobalSection
	GlobalSection(ExtensibilityGlobals) = postSolution
		SolutionGuid = {FF81EC03-7D33-4EF0-BD9E-A9EA1C80FB74}
	EndGlobalSection
EndGlobal
